
Microsoft Visual Studio Solution File, Format Version 12.00
# Visual Studio 2013
VisualStudioVersion = 12.0.31101.0
MinimumVisualStudioVersion = 10.0.40219.1
Project("{2150E333-8FDC-42A3-9474-1A3956D46DE8}") = "1. Hello World!", "1. Hello World!", "{B82719C9-709D-49A7-8BE9-5B5F02842189}"
EndProject
Project("{FAE04EC0-301F-11D3-BF4B-00C04F79EFBC}") = "HelloWorldProducer", "HelloWorldProducer\HelloWorldProducer.csproj", "{C9235CAB-96F1-4A34-B640-CF8587165DC1}"
EndProject
Project("{FAE04EC0-301F-11D3-BF4B-00C04F79EFBC}") = "HelloWorldConsumer", "HelloWorldConsumer\HelloWorldConsumer.csproj", "{67276FA1-6E2D-4006-9787-B15B8E93FE5A}"
EndProject
Project("{2150E333-8FDC-42A3-9474-1A3956D46DE8}") = "2. Work Queues", "2. Work Queues", "{D4956B22-20F8-43E3-9139-C3D755D8801F}"
EndProject
Project("{FAE04EC0-301F-11D3-BF4B-00C04F79EFBC}") = "MasterTask", "MasterTask\MasterTask.csproj", "{D7D35389-98F6-4D6B-9E24-73EF12BA0351}"
EndProject
Project("{FAE04EC0-301F-11D3-BF4B-00C04F79EFBC}") = "WorkerTask", "WorkerTask\WorkerTask.csproj", "{A3093899-9162-4058-838B-21C233F75375}"
EndProject
Project("{2150E333-8FDC-42A3-9474-1A3956D46DE8}") = "3. PubSub", "3. PubSub", "{EE04C8B0-C5B1-4317-9467-33516B710B27}"
EndProject
Project("{FAE04EC0-301F-11D3-BF4B-00C04F79EFBC}") = "EmitLog", "EmitLog\EmitLog.csproj", "{D635841F-BFCE-43C2-A7A7-0FECD1A1ECB7}"
EndProject
Project("{FAE04EC0-301F-11D3-BF4B-00C04F79EFBC}") = "ReceiveLogs", "ReceiveLogs\ReceiveLogs.csproj", "{0E59B34F-4A5F-4DE4-9674-0F6B88352890}"
EndProject
Project("{2150E333-8FDC-42A3-9474-1A3956D46DE8}") = "4. Routing", "4. Routing", "{6B19BC36-DBA7-4216-A32A-863B704C20F5}"
EndProject
Project("{FAE04EC0-301F-11D3-BF4B-00C04F79EFBC}") = "EmitLogDirect", "EmitLogDirect\EmitLogDirect.csproj", "{B562E58F-48D0-449A-AB57-C08D278D4D6F}"
EndProject
Project("{FAE04EC0-301F-11D3-BF4B-00C04F79EFBC}") = "ReceiveLogsDirectError", "ReceiveLogsDirectError\ReceiveLogsDirectError.csproj", "{C85059E9-2645-48CC-A988-FBCDD3F2338E}"
EndProject
Project("{FAE04EC0-301F-11D3-BF4B-00C04F79EFBC}") = "ReceiveLogsDirectInfo", "ReceiveLogsDirectInfo\ReceiveLogsDirectInfo.csproj", "{6D0450FD-DCE9-4FA6-8D0C-BAFFB28646E4}"
EndProject
Project("{2150E333-8FDC-42A3-9474-1A3956D46DE8}") = "5. Topics", "5. Topics", "{7766CDA8-36CA-4996-8068-9F87FE6617B9}"
EndProject
Project("{FAE04EC0-301F-11D3-BF4B-00C04F79EFBC}") = "EmitLogTopic", "EmitLogTopic\EmitLogTopic.csproj", "{2AFC831E-609B-45C2-A599-D9DFE383BA3B}"
EndProject
Project("{FAE04EC0-301F-11D3-BF4B-00C04F79EFBC}") = "ReceiveLogsTopicHotColours", "ReceiveLogsTopicHotColours\ReceiveLogsTopicHotColours.csproj", "{CEF62791-E2F8-4477-9367-F3E04DF4B30E}"
EndProject
Project("{FAE04EC0-301F-11D3-BF4B-00C04F79EFBC}") = "ReceiveLogsTopicLazy", "ReceiveLogsTopicLazy\ReceiveLogsTopicLazy.csproj", "{7DAF65D3-94DE-45AF-92B8-01D43357526C}"
EndProject
Project("{2150E333-8FDC-42A3-9474-1A3956D46DE8}") = "6. Remote procedure call (RPC)", "6. Remote procedure call (RPC)", "{CDE6AE66-DB15-4A7C-AEFD-B266F58471DC}"
EndProject
Project("{FAE04EC0-301F-11D3-BF4B-00C04F79EFBC}") = "MathRPCServer", "MathRPCServer\MathRPCServer.csproj", "{7674C2BC-3573-4B15-B952-72CF928790D6}"
EndProject
Project("{FAE04EC0-301F-11D3-BF4B-00C04F79EFBC}") = "MathRPCClient", "MathRPCClient\MathRPCClient.csproj", "{66E80717-A8DD-4B29-BA4F-0C7F165F8080}"
EndProject
Project("{FAE04EC0-301F-11D3-BF4B-00C04F79EFBC}") = "MathRpc.Messages", "MathRpc.Messages\MathRpc.Messages.csproj", "{88BF09EC-58D4-4D6C-870D-36DC3D037F13}"
EndProject
Project("{2150E333-8FDC-42A3-9474-1A3956D46DE8}") = "Tutorials", "Tutorials", "{596B7AC3-7116-4E32-9E51-C86C4B808983}"
EndProject
Global
	GlobalSection(SolutionConfigurationPlatforms) = preSolution
		Debug|Any CPU = Debug|Any CPU
		Release|Any CPU = Release|Any CPU
	EndGlobalSection
	GlobalSection(ProjectConfigurationPlatforms) = postSolution
		{C9235CAB-96F1-4A34-B640-CF8587165DC1}.Debug|Any CPU.ActiveCfg = Debug|Any CPU
		{C9235CAB-96F1-4A34-B640-CF8587165DC1}.Debug|Any CPU.Build.0 = Debug|Any CPU
		{C9235CAB-96F1-4A34-B640-CF8587165DC1}.Release|Any CPU.ActiveCfg = Release|Any CPU
		{C9235CAB-96F1-4A34-B640-CF8587165DC1}.Release|Any CPU.Build.0 = Release|Any CPU
		{67276FA1-6E2D-4006-9787-B15B8E93FE5A}.Debug|Any CPU.ActiveCfg = Debug|Any CPU
		{67276FA1-6E2D-4006-9787-B15B8E93FE5A}.Debug|Any CPU.Build.0 = Debug|Any CPU
		{67276FA1-6E2D-4006-9787-B15B8E93FE5A}.Release|Any CPU.ActiveCfg = Release|Any CPU
		{67276FA1-6E2D-4006-9787-B15B8E93FE5A}.Release|Any CPU.Build.0 = Release|Any CPU
		{D7D35389-98F6-4D6B-9E24-73EF12BA0351}.Debug|Any CPU.ActiveCfg = Debug|Any CPU
		{D7D35389-98F6-4D6B-9E24-73EF12BA0351}.Debug|Any CPU.Build.0 = Debug|Any CPU
		{D7D35389-98F6-4D6B-9E24-73EF12BA0351}.Release|Any CPU.ActiveCfg = Release|Any CPU
		{D7D35389-98F6-4D6B-9E24-73EF12BA0351}.Release|Any CPU.Build.0 = Release|Any CPU
		{A3093899-9162-4058-838B-21C233F75375}.Debug|Any CPU.ActiveCfg = Debug|Any CPU
		{A3093899-9162-4058-838B-21C233F75375}.Debug|Any CPU.Build.0 = Debug|Any CPU
		{A3093899-9162-4058-838B-21C233F75375}.Release|Any CPU.ActiveCfg = Release|Any CPU
		{A3093899-9162-4058-838B-21C233F75375}.Release|Any CPU.Build.0 = Release|Any CPU
		{D635841F-BFCE-43C2-A7A7-0FECD1A1ECB7}.Debug|Any CPU.ActiveCfg = Debug|Any CPU
		{D635841F-BFCE-43C2-A7A7-0FECD1A1ECB7}.Debug|Any CPU.Build.0 = Debug|Any CPU
		{D635841F-BFCE-43C2-A7A7-0FECD1A1ECB7}.Release|Any CPU.ActiveCfg = Release|Any CPU
		{D635841F-BFCE-43C2-A7A7-0FECD1A1ECB7}.Release|Any CPU.Build.0 = Release|Any CPU
		{0E59B34F-4A5F-4DE4-9674-0F6B88352890}.Debug|Any CPU.ActiveCfg = Debug|Any CPU
		{0E59B34F-4A5F-4DE4-9674-0F6B88352890}.Debug|Any CPU.Build.0 = Debug|Any CPU
		{0E59B34F-4A5F-4DE4-9674-0F6B88352890}.Release|Any CPU.ActiveCfg = Release|Any CPU
		{0E59B34F-4A5F-4DE4-9674-0F6B88352890}.Release|Any CPU.Build.0 = Release|Any CPU
		{B562E58F-48D0-449A-AB57-C08D278D4D6F}.Debug|Any CPU.ActiveCfg = Debug|Any CPU
		{B562E58F-48D0-449A-AB57-C08D278D4D6F}.Debug|Any CPU.Build.0 = Debug|Any CPU
		{B562E58F-48D0-449A-AB57-C08D278D4D6F}.Release|Any CPU.ActiveCfg = Release|Any CPU
		{B562E58F-48D0-449A-AB57-C08D278D4D6F}.Release|Any CPU.Build.0 = Release|Any CPU
		{C85059E9-2645-48CC-A988-FBCDD3F2338E}.Debug|Any CPU.ActiveCfg = Debug|Any CPU
		{C85059E9-2645-48CC-A988-FBCDD3F2338E}.Debug|Any CPU.Build.0 = Debug|Any CPU
		{C85059E9-2645-48CC-A988-FBCDD3F2338E}.Release|Any CPU.ActiveCfg = Release|Any CPU
		{C85059E9-2645-48CC-A988-FBCDD3F2338E}.Release|Any CPU.Build.0 = Release|Any CPU
		{6D0450FD-DCE9-4FA6-8D0C-BAFFB28646E4}.Debug|Any CPU.ActiveCfg = Debug|Any CPU
		{6D0450FD-DCE9-4FA6-8D0C-BAFFB28646E4}.Debug|Any CPU.Build.0 = Debug|Any CPU
		{6D0450FD-DCE9-4FA6-8D0C-BAFFB28646E4}.Release|Any CPU.ActiveCfg = Release|Any CPU
		{6D0450FD-DCE9-4FA6-8D0C-BAFFB28646E4}.Release|Any CPU.Build.0 = Release|Any CPU
		{2AFC831E-609B-45C2-A599-D9DFE383BA3B}.Debug|Any CPU.ActiveCfg = Debug|Any CPU
		{2AFC831E-609B-45C2-A599-D9DFE383BA3B}.Debug|Any CPU.Build.0 = Debug|Any CPU
		{2AFC831E-609B-45C2-A599-D9DFE383BA3B}.Release|Any CPU.ActiveCfg = Release|Any CPU
		{2AFC831E-609B-45C2-A599-D9DFE383BA3B}.Release|Any CPU.Build.0 = Release|Any CPU
		{CEF62791-E2F8-4477-9367-F3E04DF4B30E}.Debug|Any CPU.ActiveCfg = Debug|Any CPU
		{CEF62791-E2F8-4477-9367-F3E04DF4B30E}.Debug|Any CPU.Build.0 = Debug|Any CPU
		{CEF62791-E2F8-4477-9367-F3E04DF4B30E}.Release|Any CPU.ActiveCfg = Release|Any CPU
		{CEF62791-E2F8-4477-9367-F3E04DF4B30E}.Release|Any CPU.Build.0 = Release|Any CPU
		{7DAF65D3-94DE-45AF-92B8-01D43357526C}.Debug|Any CPU.ActiveCfg = Debug|Any CPU
		{7DAF65D3-94DE-45AF-92B8-01D43357526C}.Debug|Any CPU.Build.0 = Debug|Any CPU
		{7DAF65D3-94DE-45AF-92B8-01D43357526C}.Release|Any CPU.ActiveCfg = Release|Any CPU
		{7DAF65D3-94DE-45AF-92B8-01D43357526C}.Release|Any CPU.Build.0 = Release|Any CPU
		{7674C2BC-3573-4B15-B952-72CF928790D6}.Debug|Any CPU.ActiveCfg = Debug|Any CPU
		{7674C2BC-3573-4B15-B952-72CF928790D6}.Debug|Any CPU.Build.0 = Debug|Any CPU
		{7674C2BC-3573-4B15-B952-72CF928790D6}.Release|Any CPU.ActiveCfg = Release|Any CPU
		{7674C2BC-3573-4B15-B952-72CF928790D6}.Release|Any CPU.Build.0 = Release|Any CPU
		{66E80717-A8DD-4B29-BA4F-0C7F165F8080}.Debug|Any CPU.ActiveCfg = Debug|Any CPU
		{66E80717-A8DD-4B29-BA4F-0C7F165F8080}.Debug|Any CPU.Build.0 = Debug|Any CPU
		{66E80717-A8DD-4B29-BA4F-0C7F165F8080}.Release|Any CPU.ActiveCfg = Release|Any CPU
		{66E80717-A8DD-4B29-BA4F-0C7F165F8080}.Release|Any CPU.Build.0 = Release|Any CPU
		{88BF09EC-58D4-4D6C-870D-36DC3D037F13}.Debug|Any CPU.ActiveCfg = Debug|Any CPU
		{88BF09EC-58D4-4D6C-870D-36DC3D037F13}.Debug|Any CPU.Build.0 = Debug|Any CPU
		{88BF09EC-58D4-4D6C-870D-36DC3D037F13}.Release|Any CPU.ActiveCfg = Release|Any CPU
		{88BF09EC-58D4-4D6C-870D-36DC3D037F13}.Release|Any CPU.Build.0 = Release|Any CPU
	EndGlobalSection
	GlobalSection(SolutionProperties) = preSolution
		HideSolutionNode = FALSE
	EndGlobalSection
	GlobalSection(NestedProjects) = preSolution
		{B82719C9-709D-49A7-8BE9-5B5F02842189} = {596B7AC3-7116-4E32-9E51-C86C4B808983}
		{C9235CAB-96F1-4A34-B640-CF8587165DC1} = {B82719C9-709D-49A7-8BE9-5B5F02842189}
		{67276FA1-6E2D-4006-9787-B15B8E93FE5A} = {B82719C9-709D-49A7-8BE9-5B5F02842189}
		{D4956B22-20F8-43E3-9139-C3D755D8801F} = {596B7AC3-7116-4E32-9E51-C86C4B808983}
		{D7D35389-98F6-4D6B-9E24-73EF12BA0351} = {D4956B22-20F8-43E3-9139-C3D755D8801F}
		{A3093899-9162-4058-838B-21C233F75375} = {D4956B22-20F8-43E3-9139-C3D755D8801F}
		{EE04C8B0-C5B1-4317-9467-33516B710B27} = {596B7AC3-7116-4E32-9E51-C86C4B808983}
		{D635841F-BFCE-43C2-A7A7-0FECD1A1ECB7} = {EE04C8B0-C5B1-4317-9467-33516B710B27}
		{0E59B34F-4A5F-4DE4-9674-0F6B88352890} = {EE04C8B0-C5B1-4317-9467-33516B710B27}
		{6B19BC36-DBA7-4216-A32A-863B704C20F5} = {596B7AC3-7116-4E32-9E51-C86C4B808983}
		{B562E58F-48D0-449A-AB57-C08D278D4D6F} = {6B19BC36-DBA7-4216-A32A-863B704C20F5}
		{C85059E9-2645-48CC-A988-FBCDD3F2338E} = {6B19BC36-DBA7-4216-A32A-863B704C20F5}
		{6D0450FD-DCE9-4FA6-8D0C-BAFFB28646E4} = {6B19BC36-DBA7-4216-A32A-863B704C20F5}
		{7766CDA8-36CA-4996-8068-9F87FE6617B9} = {596B7AC3-7116-4E32-9E51-C86C4B808983}
		{2AFC831E-609B-45C2-A599-D9DFE383BA3B} = {7766CDA8-36CA-4996-8068-9F87FE6617B9}
		{CEF62791-E2F8-4477-9367-F3E04DF4B30E} = {7766CDA8-36CA-4996-8068-9F87FE6617B9}
		{7DAF65D3-94DE-45AF-92B8-01D43357526C} = {7766CDA8-36CA-4996-8068-9F87FE6617B9}
		{CDE6AE66-DB15-4A7C-AEFD-B266F58471DC} = {596B7AC3-7116-4E32-9E51-C86C4B808983}
		{7674C2BC-3573-4B15-B952-72CF928790D6} = {CDE6AE66-DB15-4A7C-AEFD-B266F58471DC}
		{66E80717-A8DD-4B29-BA4F-0C7F165F8080} = {CDE6AE66-DB15-4A7C-AEFD-B266F58471DC}
		{88BF09EC-58D4-4D6C-870D-36DC3D037F13} = {CDE6AE66-DB15-4A7C-AEFD-B266F58471DC}
	EndGlobalSection
EndGlobal
